
Microsoft Visual Studio Solution File, Format Version 12.00
# Visual Studio Version 17
VisualStudioVersion = 17.13.35931.197
MinimumVisualStudioVersion = 10.0.40219.1
Project("{FAE04EC0-301F-11D3-BF4B-00C04F79EFBC}") = "MainClientWindow", "WpfApp1\MainClientWindow.csproj", "{93596F33-214D-4EB1-9B17-CCBD5E5D7E44}"
EndProject
Project("{FAE04EC0-301F-11D3-BF4B-00C04F79EFBC}") = "DataAccess", "DataAccess\DataAccess.csproj", "{1016D2DB-2EC0-45ED-B13F-B3B4182756D5}"
EndProject
Project("{FAE04EC0-301F-11D3-BF4B-00C04F79EFBC}") = "RestaurantOrderMonitor", "RestaurantOrderMonitor\RestaurantOrderMonitor.csproj", "{BAA3C210-8246-43FD-BC5D-47887A80E7D8}"
EndProject
Global
	GlobalSection(SolutionConfigurationPlatforms) = preSolution
		Debug|Any CPU = Debug|Any CPU
		Release|Any CPU = Release|Any CPU
	EndGlobalSection
	GlobalSection(ProjectConfigurationPlatforms) = postSolution
		{93596F33-214D-4EB1-9B17-CCBD5E5D7E44}.Debug|Any CPU.ActiveCfg = Debug|Any CPU
		{93596F33-214D-4EB1-9B17-CCBD5E5D7E44}.Debug|Any CPU.Build.0 = Debug|Any CPU
		{93596F33-214D-4EB1-9B17-CCBD5E5D7E44}.Release|Any CPU.ActiveCfg = Release|Any CPU
		{93596F33-214D-4EB1-9B17-CCBD5E5D7E44}.Release|Any CPU.Build.0 = Release|Any CPU
		{1016D2DB-2EC0-45ED-B13F-B3B4182756D5}.Debug|Any CPU.ActiveCfg = Debug|Any CPU
		{1016D2DB-2EC0-45ED-B13F-B3B4182756D5}.Debug|Any CPU.Build.0 = Debug|Any CPU
		{1016D2DB-2EC0-45ED-B13F-B3B4182756D5}.Release|Any CPU.ActiveCfg = Release|Any CPU
		{1016D2DB-2EC0-45ED-B13F-B3B4182756D5}.Release|Any CPU.Build.0 = Release|Any CPU
		{BAA3C210-8246-43FD-BC5D-47887A80E7D8}.Debug|Any CPU.ActiveCfg = Debug|Any CPU
		{BAA3C210-8246-43FD-BC5D-47887A80E7D8}.Debug|Any CPU.Build.0 = Debug|Any CPU
		{BAA3C210-8246-43FD-BC5D-47887A80E7D8}.Release|Any CPU.ActiveCfg = Release|Any CPU
		{BAA3C210-8246-43FD-BC5D-47887A80E7D8}.Release|Any CPU.Build.0 = Release|Any CPU
	EndGlobalSection
	GlobalSection(SolutionProperties) = preSolution
		HideSolutionNode = FALSE
	EndGlobalSection
	GlobalSection(ExtensibilityGlobals) = postSolution
		SolutionGuid = {95C45333-BA12-44DF-861C-19D9CE2D1A07}
	EndGlobalSection
EndGlobal
